// !$*UTF8*$!
{
	archiveVersion = 1;
	classes = {
	};
	objectVersion = 56;
	objects = {

/* Begin PBXBuildFile section */
		0D1540612D22EF5D00D6D63F /* AnalyticsEvent.swift in Sources */ = {isa = PBXBuildFile; fileRef = 0D1540602D22EF5D00D6D63F /* AnalyticsEvent.swift */; };
		0DF1D1402D22DC51001626E7 /* ServicesAssembler.swift in Sources */ = {isa = PBXBuildFile; fileRef = 0DF1D13F2D22DC4B001626E7 /* ServicesAssembler.swift */; };
		0DF1D1452D22DD06001626E7 /* BitcoinRateService.swift in Sources */ = {isa = PBXBuildFile; fileRef = 0DF1D1442D22DCFF001626E7 /* BitcoinRateService.swift */; };
		0DF1D1472D22DD4A001626E7 /* AnalyticsService.swift in Sources */ = {isa = PBXBuildFile; fileRef = 0DF1D1462D22DD44001626E7 /* AnalyticsService.swift */; };
		1CA3B6562D22B0F500176711 /* AppDelegate.swift in Sources */ = {isa = PBXBuildFile; fileRef = 1CA3B6552D22B0F500176711 /* AppDelegate.swift */; };
		1CA3B6582D22B0F500176711 /* SceneDelegate.swift in Sources */ = {isa = PBXBuildFile; fileRef = 1CA3B6572D22B0F500176711 /* SceneDelegate.swift */; };
		1CA3B65A2D22B0F500176711 /* BalanceViewController.swift in Sources */ = {isa = PBXBuildFile; fileRef = 1CA3B6592D22B0F500176711 /* BalanceViewController.swift */; };
		1CA3B6602D22B0F500176711 /* Wallet.xcdatamodeld in Sources */ = {isa = PBXBuildFile; fileRef = 1CA3B65E2D22B0F500176711 /* Wallet.xcdatamodeld */; };
		1CA3B6622D22B0F600176711 /* Assets.xcassets in Resources */ = {isa = PBXBuildFile; fileRef = 1CA3B6612D22B0F600176711 /* Assets.xcassets */; };
		1CA3B6652D22B0F600176711 /* Base in Resources */ = {isa = PBXBuildFile; fileRef = 1CA3B6642D22B0F600176711 /* Base */; };
		5F5495A82D3BC722002D043C /* AppCoordinator.swift in Sources */ = {isa = PBXBuildFile; fileRef = 5F5495A72D3BC71D002D043C /* AppCoordinator.swift */; };
		5F5495AB2D3BD2F0002D043C /* BalanceView.swift in Sources */ = {isa = PBXBuildFile; fileRef = 5F5495AA2D3BD2E6002D043C /* BalanceView.swift */; };
		5F5495AF2D3BD602002D043C /* Localizable.xcstrings in Resources */ = {isa = PBXBuildFile; fileRef = 5F5495AE2D3BD602002D043C /* Localizable.xcstrings */; };
		5F5495B42D3BF81C002D043C /* BalanceViewController+Protocols.swift in Sources */ = {isa = PBXBuildFile; fileRef = 5F5495B32D3BF80E002D043C /* BalanceViewController+Protocols.swift */; };
		5F5495B62D3BF8C9002D043C /* AppCoordinator+Navigation.swift in Sources */ = {isa = PBXBuildFile; fileRef = 5F5495B52D3BF8C2002D043C /* AppCoordinator+Navigation.swift */; };
		5F6069562D3C5D4300CDDC6E /* KeyValueStorage.swift in Sources */ = {isa = PBXBuildFile; fileRef = 5F6069552D3C5D3E00CDDC6E /* KeyValueStorage.swift */; };
		5F6069582D3CFE9E00CDDC6E /* RequestExecutor.swift in Sources */ = {isa = PBXBuildFile; fileRef = 5F6069572D3CFE9500CDDC6E /* RequestExecutor.swift */; };
		5F60695C2D3D048F00CDDC6E /* BitcoinPriceResponse.swift in Sources */ = {isa = PBXBuildFile; fileRef = 5F60695B2D3D048A00CDDC6E /* BitcoinPriceResponse.swift */; };
		5F60695E2D3D276900CDDC6E /* RepeatableTimer.swift in Sources */ = {isa = PBXBuildFile; fileRef = 5F60695D2D3D276100CDDC6E /* RepeatableTimer.swift */; };
		5F6069602D3D2ACA00CDDC6E /* Rate.swift in Sources */ = {isa = PBXBuildFile; fileRef = 5F60695F2D3D2AC800CDDC6E /* Rate.swift */; };
		5F6069642D3D39D700CDDC6E /* BalancePresenter.swift in Sources */ = {isa = PBXBuildFile; fileRef = 5F6069632D3D39D100CDDC6E /* BalancePresenter.swift */; };
		5F6069662D3D39EE00CDDC6E /* BalanceInteractor.swift in Sources */ = {isa = PBXBuildFile; fileRef = 5F6069652D3D39E800CDDC6E /* BalanceInteractor.swift */; };
		5F6069682D3D401900CDDC6E /* MobileBitcoinRateServiceTests.swift in Sources */ = {isa = PBXBuildFile; fileRef = 5F6069672D3D401700CDDC6E /* MobileBitcoinRateServiceTests.swift */; };
		5F60696B2D3D42CA00CDDC6E /* MockRequestExecutor.swift in Sources */ = {isa = PBXBuildFile; fileRef = 5F60696A2D3D42C100CDDC6E /* MockRequestExecutor.swift */; };
		5F60696D2D3D42F100CDDC6E /* MockAnalyticsService.swift in Sources */ = {isa = PBXBuildFile; fileRef = 5F60696C2D3D42F100CDDC6E /* MockAnalyticsService.swift */; };
		5F60696F2D3D431C00CDDC6E /* MockRepeatableTimer.swift in Sources */ = {isa = PBXBuildFile; fileRef = 5F60696E2D3D431C00CDDC6E /* MockRepeatableTimer.swift */; };
		5F6069712D3D432E00CDDC6E /* MockKeyValueStorage.swift in Sources */ = {isa = PBXBuildFile; fileRef = 5F6069702D3D432E00CDDC6E /* MockKeyValueStorage.swift */; };
		5F6069732D3D59EF00CDDC6E /* BalanceViewController+Configuration.swift in Sources */ = {isa = PBXBuildFile; fileRef = 5F6069722D3D59E100CDDC6E /* BalanceViewController+Configuration.swift */; };
		5F6069752D3D64EE00CDDC6E /* BalanceService.swift in Sources */ = {isa = PBXBuildFile; fileRef = 5F6069742D3D64E100CDDC6E /* BalanceService.swift */; };
		5F6C7C222D3D6CC70063CAC8 /* Transaction.swift in Sources */ = {isa = PBXBuildFile; fileRef = 5F6C7C212D3D6CC30063CAC8 /* Transaction.swift */; };
		5F6C7C242D3D70F40063CAC8 /* CoreDataManager.swift in Sources */ = {isa = PBXBuildFile; fileRef = 5F6C7C232D3D70F40063CAC8 /* CoreDataManager.swift */; };
		5F9041732D3AFC830067E9F9 /* AnalyticsFilters.swift in Sources */ = {isa = PBXBuildFile; fileRef = 5F9041722D3AFC830067E9F9 /* AnalyticsFilters.swift */; };
		5F9041752D3AFCD80067E9F9 /* AnalyticsServiceTests.swift in Sources */ = {isa = PBXBuildFile; fileRef = 5F9041742D3AFCD70067E9F9 /* AnalyticsServiceTests.swift */; };
		5F92B1C02D3D9773000A811C /* AddTransactionViewController.swift in Sources */ = {isa = PBXBuildFile; fileRef = 5F92B1BF2D3D9769000A811C /* AddTransactionViewController.swift */; };
		5F92B1C42D3D97C8000A811C /* AddTransactionViewController+Protocols.swift in Sources */ = {isa = PBXBuildFile; fileRef = 5F92B1C32D3D97C8000A811C /* AddTransactionViewController+Protocols.swift */; };
		5F92B1C62D3D9871000A811C /* AddTransactionPresenter.swift in Sources */ = {isa = PBXBuildFile; fileRef = 5F92B1C52D3D9869000A811C /* AddTransactionPresenter.swift */; };
		5F92B1CA2D3D9B59000A811C /* AddTransactionResult.swift in Sources */ = {isa = PBXBuildFile; fileRef = 5F92B1C92D3D9B59000A811C /* AddTransactionResult.swift */; };
		5F92B1CE2D3DA2E3000A811C /* AddTransactionViewController+DataSource.swift in Sources */ = {isa = PBXBuildFile; fileRef = 5F92B1CD2D3DA2E3000A811C /* AddTransactionViewController+DataSource.swift */; };
/* End PBXBuildFile section */

/* Begin PBXContainerItemProxy section */
		1CA3B66C2D22B0F600176711 /* PBXContainerItemProxy */ = {
			isa = PBXContainerItemProxy;
			containerPortal = 1CA3B64A2D22B0F500176711 /* Project object */;
			proxyType = 1;
			remoteGlobalIDString = 1CA3B6512D22B0F500176711;
			remoteInfo = TransactionsTestTask;
		};
/* End PBXContainerItemProxy section */

/* Begin PBXFileReference section */
		0D1540602D22EF5D00D6D63F /* AnalyticsEvent.swift */ = {isa = PBXFileReference; lastKnownFileType = sourcecode.swift; path = AnalyticsEvent.swift; sourceTree = "<group>"; };
		0DF1D13F2D22DC4B001626E7 /* ServicesAssembler.swift */ = {isa = PBXFileReference; lastKnownFileType = sourcecode.swift; path = ServicesAssembler.swift; sourceTree = "<group>"; };
		0DF1D1442D22DCFF001626E7 /* BitcoinRateService.swift */ = {isa = PBXFileReference; lastKnownFileType = sourcecode.swift; path = BitcoinRateService.swift; sourceTree = "<group>"; };
		0DF1D1462D22DD44001626E7 /* AnalyticsService.swift */ = {isa = PBXFileReference; lastKnownFileType = sourcecode.swift; path = AnalyticsService.swift; sourceTree = "<group>"; };
		1CA3B6522D22B0F500176711 /* TransactionsTestTask.app */ = {isa = PBXFileReference; explicitFileType = wrapper.application; includeInIndex = 0; path = TransactionsTestTask.app; sourceTree = BUILT_PRODUCTS_DIR; };
		1CA3B6552D22B0F500176711 /* AppDelegate.swift */ = {isa = PBXFileReference; lastKnownFileType = sourcecode.swift; path = AppDelegate.swift; sourceTree = "<group>"; };
		1CA3B6572D22B0F500176711 /* SceneDelegate.swift */ = {isa = PBXFileReference; lastKnownFileType = sourcecode.swift; path = SceneDelegate.swift; sourceTree = "<group>"; };
		1CA3B6592D22B0F500176711 /* BalanceViewController.swift */ = {isa = PBXFileReference; lastKnownFileType = sourcecode.swift; path = BalanceViewController.swift; sourceTree = "<group>"; };
		1CA3B65F2D22B0F500176711 /* Wallet.xcdatamodel */ = {isa = PBXFileReference; lastKnownFileType = wrapper.xcdatamodel; path = Wallet.xcdatamodel; sourceTree = "<group>"; };
		1CA3B6612D22B0F600176711 /* Assets.xcassets */ = {isa = PBXFileReference; lastKnownFileType = folder.assetcatalog; path = Assets.xcassets; sourceTree = "<group>"; };
		1CA3B6642D22B0F600176711 /* Base */ = {isa = PBXFileReference; lastKnownFileType = file.storyboard; name = Base; path = Base.lproj/LaunchScreen.storyboard; sourceTree = "<group>"; };
		1CA3B6662D22B0F600176711 /* Info.plist */ = {isa = PBXFileReference; lastKnownFileType = text.plist.xml; path = Info.plist; sourceTree = "<group>"; };
		1CA3B66B2D22B0F600176711 /* TransactionsTestTaskTests.xctest */ = {isa = PBXFileReference; explicitFileType = wrapper.cfbundle; includeInIndex = 0; path = TransactionsTestTaskTests.xctest; sourceTree = BUILT_PRODUCTS_DIR; };
		5F5495A72D3BC71D002D043C /* AppCoordinator.swift */ = {isa = PBXFileReference; lastKnownFileType = sourcecode.swift; path = AppCoordinator.swift; sourceTree = "<group>"; };
		5F5495AA2D3BD2E6002D043C /* BalanceView.swift */ = {isa = PBXFileReference; lastKnownFileType = sourcecode.swift; path = BalanceView.swift; sourceTree = "<group>"; };
		5F5495AE2D3BD602002D043C /* Localizable.xcstrings */ = {isa = PBXFileReference; lastKnownFileType = text.json.xcstrings; path = Localizable.xcstrings; sourceTree = "<group>"; };
		5F5495B32D3BF80E002D043C /* BalanceViewController+Protocols.swift */ = {isa = PBXFileReference; lastKnownFileType = sourcecode.swift; path = "BalanceViewController+Protocols.swift"; sourceTree = "<group>"; };
		5F5495B52D3BF8C2002D043C /* AppCoordinator+Navigation.swift */ = {isa = PBXFileReference; lastKnownFileType = sourcecode.swift; path = "AppCoordinator+Navigation.swift"; sourceTree = "<group>"; };
		5F6069552D3C5D3E00CDDC6E /* KeyValueStorage.swift */ = {isa = PBXFileReference; lastKnownFileType = sourcecode.swift; path = KeyValueStorage.swift; sourceTree = "<group>"; };
		5F6069572D3CFE9500CDDC6E /* RequestExecutor.swift */ = {isa = PBXFileReference; lastKnownFileType = sourcecode.swift; path = RequestExecutor.swift; sourceTree = "<group>"; };
		5F60695B2D3D048A00CDDC6E /* BitcoinPriceResponse.swift */ = {isa = PBXFileReference; lastKnownFileType = sourcecode.swift; path = BitcoinPriceResponse.swift; sourceTree = "<group>"; };
		5F60695D2D3D276100CDDC6E /* RepeatableTimer.swift */ = {isa = PBXFileReference; lastKnownFileType = sourcecode.swift; path = RepeatableTimer.swift; sourceTree = "<group>"; };
		5F60695F2D3D2AC800CDDC6E /* Rate.swift */ = {isa = PBXFileReference; lastKnownFileType = sourcecode.swift; path = Rate.swift; sourceTree = "<group>"; };
		5F6069632D3D39D100CDDC6E /* BalancePresenter.swift */ = {isa = PBXFileReference; lastKnownFileType = sourcecode.swift; path = BalancePresenter.swift; sourceTree = "<group>"; };
		5F6069652D3D39E800CDDC6E /* BalanceInteractor.swift */ = {isa = PBXFileReference; lastKnownFileType = sourcecode.swift; path = BalanceInteractor.swift; sourceTree = "<group>"; };
		5F6069672D3D401700CDDC6E /* MobileBitcoinRateServiceTests.swift */ = {isa = PBXFileReference; lastKnownFileType = sourcecode.swift; path = MobileBitcoinRateServiceTests.swift; sourceTree = "<group>"; };
		5F60696A2D3D42C100CDDC6E /* MockRequestExecutor.swift */ = {isa = PBXFileReference; lastKnownFileType = sourcecode.swift; path = MockRequestExecutor.swift; sourceTree = "<group>"; };
		5F60696C2D3D42F100CDDC6E /* MockAnalyticsService.swift */ = {isa = PBXFileReference; lastKnownFileType = sourcecode.swift; path = MockAnalyticsService.swift; sourceTree = "<group>"; };
		5F60696E2D3D431C00CDDC6E /* MockRepeatableTimer.swift */ = {isa = PBXFileReference; lastKnownFileType = sourcecode.swift; path = MockRepeatableTimer.swift; sourceTree = "<group>"; };
		5F6069702D3D432E00CDDC6E /* MockKeyValueStorage.swift */ = {isa = PBXFileReference; lastKnownFileType = sourcecode.swift; path = MockKeyValueStorage.swift; sourceTree = "<group>"; };
		5F6069722D3D59E100CDDC6E /* BalanceViewController+Configuration.swift */ = {isa = PBXFileReference; lastKnownFileType = sourcecode.swift; path = "BalanceViewController+Configuration.swift"; sourceTree = "<group>"; };
		5F6069742D3D64E100CDDC6E /* BalanceService.swift */ = {isa = PBXFileReference; lastKnownFileType = sourcecode.swift; path = BalanceService.swift; sourceTree = "<group>"; };
		5F6069762D3D6B9200CDDC6E /* TransactionsTestTask.xctestplan */ = {isa = PBXFileReference; lastKnownFileType = text; path = TransactionsTestTask.xctestplan; sourceTree = "<group>"; };
		5F6C7C212D3D6CC30063CAC8 /* Transaction.swift */ = {isa = PBXFileReference; lastKnownFileType = sourcecode.swift; path = Transaction.swift; sourceTree = "<group>"; };
		5F6C7C232D3D70F40063CAC8 /* CoreDataManager.swift */ = {isa = PBXFileReference; lastKnownFileType = sourcecode.swift; path = CoreDataManager.swift; sourceTree = "<group>"; };
		5F9041722D3AFC830067E9F9 /* AnalyticsFilters.swift */ = {isa = PBXFileReference; lastKnownFileType = sourcecode.swift; path = AnalyticsFilters.swift; sourceTree = "<group>"; };
		5F9041742D3AFCD70067E9F9 /* AnalyticsServiceTests.swift */ = {isa = PBXFileReference; lastKnownFileType = sourcecode.swift; path = AnalyticsServiceTests.swift; sourceTree = "<group>"; };
		5F92B1BF2D3D9769000A811C /* AddTransactionViewController.swift */ = {isa = PBXFileReference; lastKnownFileType = sourcecode.swift; path = AddTransactionViewController.swift; sourceTree = "<group>"; };
		5F92B1C32D3D97C8000A811C /* AddTransactionViewController+Protocols.swift */ = {isa = PBXFileReference; lastKnownFileType = sourcecode.swift; path = "AddTransactionViewController+Protocols.swift"; sourceTree = "<group>"; };
		5F92B1C52D3D9869000A811C /* AddTransactionPresenter.swift */ = {isa = PBXFileReference; lastKnownFileType = sourcecode.swift; path = AddTransactionPresenter.swift; sourceTree = "<group>"; };
		5F92B1C92D3D9B59000A811C /* AddTransactionResult.swift */ = {isa = PBXFileReference; lastKnownFileType = sourcecode.swift; path = AddTransactionResult.swift; sourceTree = "<group>"; };
		5F92B1CD2D3DA2E3000A811C /* AddTransactionViewController+DataSource.swift */ = {isa = PBXFileReference; lastKnownFileType = sourcecode.swift; path = "AddTransactionViewController+DataSource.swift"; sourceTree = "<group>"; };
/* End PBXFileReference section */

/* Begin PBXFrameworksBuildPhase section */
		1CA3B64F2D22B0F500176711 /* Frameworks */ = {
			isa = PBXFrameworksBuildPhase;
			buildActionMask = 2147483647;
			files = (
			);
			runOnlyForDeploymentPostprocessing = 0;
		};
		1CA3B6682D22B0F600176711 /* Frameworks */ = {
			isa = PBXFrameworksBuildPhase;
			buildActionMask = 2147483647;
			files = (
			);
			runOnlyForDeploymentPostprocessing = 0;
		};
/* End PBXFrameworksBuildPhase section */

/* Begin PBXGroup section */
		0D15405F2D22EF3400D6D63F /* AnalyticsService */ = {
			isa = PBXGroup;
			children = (
				0D1540602D22EF5D00D6D63F /* AnalyticsEvent.swift */,
				5F9041722D3AFC830067E9F9 /* AnalyticsFilters.swift */,
				0DF1D1462D22DD44001626E7 /* AnalyticsService.swift */,
			);
			path = AnalyticsService;
			sourceTree = "<group>";
		};
		0DF1D13E2D22DC2D001626E7 /* Services */ = {
			isa = PBXGroup;
			children = (
				5F6069742D3D64E100CDDC6E /* BalanceService.swift */,
				5F60695D2D3D276100CDDC6E /* RepeatableTimer.swift */,
				0DF1D1442D22DCFF001626E7 /* BitcoinRateService.swift */,
				5F6069572D3CFE9500CDDC6E /* RequestExecutor.swift */,
				0DF1D13F2D22DC4B001626E7 /* ServicesAssembler.swift */,
				0D15405F2D22EF3400D6D63F /* AnalyticsService */,
				5F9041792D3BBE250067E9F9 /* Persistence */,
			);
			path = Services;
			sourceTree = "<group>";
		};
		1CA3B6492D22B0F500176711 = {
			isa = PBXGroup;
			children = (
				5F6069762D3D6B9200CDDC6E /* TransactionsTestTask.xctestplan */,
				1CA3B6532D22B0F500176711 /* Products */,
				1CA3B6542D22B0F500176711 /* TransactionsTestTask */,
				1CA3B66E2D22B0F600176711 /* TransactionsTestTaskTests */,
			);
			sourceTree = "<group>";
		};
		1CA3B6532D22B0F500176711 /* Products */ = {
			isa = PBXGroup;
			children = (
				1CA3B6522D22B0F500176711 /* TransactionsTestTask.app */,
				1CA3B66B2D22B0F600176711 /* TransactionsTestTaskTests.xctest */,
			);
			name = Products;
			sourceTree = "<group>";
		};
		1CA3B6542D22B0F500176711 /* TransactionsTestTask */ = {
			isa = PBXGroup;
			children = (
				5F9041762D3BBBBB0067E9F9 /* App */,
				5F5495A62D3BC70F002D043C /* Coordinator */,
				5F6069592D3D047900CDDC6E /* Models */,
				5F9041782D3BBCE80067E9F9 /* Resources */,
				5F6069612D3D394D00CDDC6E /* Screens */,
				0DF1D13E2D22DC2D001626E7 /* Services */,
			);
			path = TransactionsTestTask;
			sourceTree = "<group>";
		};
		1CA3B66E2D22B0F600176711 /* TransactionsTestTaskTests */ = {
			isa = PBXGroup;
			children = (
				5F6069692D3D42A100CDDC6E /* Mocks */,
				5F6069672D3D401700CDDC6E /* MobileBitcoinRateServiceTests.swift */,
				5F9041742D3AFCD70067E9F9 /* AnalyticsServiceTests.swift */,
			);
			path = TransactionsTestTaskTests;
			sourceTree = "<group>";
		};
		5F5495A62D3BC70F002D043C /* Coordinator */ = {
			isa = PBXGroup;
			children = (
				5F5495A72D3BC71D002D043C /* AppCoordinator.swift */,
				5F5495B52D3BF8C2002D043C /* AppCoordinator+Navigation.swift */,
			);
			path = Coordinator;
			sourceTree = "<group>";
		};
		5F5495A92D3BD24B002D043C /* Views */ = {
			isa = PBXGroup;
			children = (
				5F5495AA2D3BD2E6002D043C /* BalanceView.swift */,
			);
			path = Views;
			sourceTree = "<group>";
		};
		5F6069542D3C5D2E00CDDC6E /* KeyValueStorage */ = {
			isa = PBXGroup;
			children = (
				5F6069552D3C5D3E00CDDC6E /* KeyValueStorage.swift */,
			);
			path = KeyValueStorage;
			sourceTree = "<group>";
		};
		5F6069592D3D047900CDDC6E /* Models */ = {
			isa = PBXGroup;
			children = (
				5F6C7C212D3D6CC30063CAC8 /* Transaction.swift */,
				5F92B1C92D3D9B59000A811C /* AddTransactionResult.swift */,
				5F60695F2D3D2AC800CDDC6E /* Rate.swift */,
				5F60695A2D3D048000CDDC6E /* Responses */,
			);
			path = Models;
			sourceTree = "<group>";
		};
		5F60695A2D3D048000CDDC6E /* Responses */ = {
			isa = PBXGroup;
			children = (
				5F60695B2D3D048A00CDDC6E /* BitcoinPriceResponse.swift */,
			);
			path = Responses;
			sourceTree = "<group>";
		};
		5F6069612D3D394D00CDDC6E /* Screens */ = {
			isa = PBXGroup;
			children = (
				5F92B1BE2D3D9685000A811C /* AddTransaction */,
				5F6069622D3D395A00CDDC6E /* Balance */,
			);
			path = Screens;
			sourceTree = "<group>";
		};
		5F6069622D3D395A00CDDC6E /* Balance */ = {
			isa = PBXGroup;
			children = (
				5F6069652D3D39E800CDDC6E /* BalanceInteractor.swift */,
				5F6069632D3D39D100CDDC6E /* BalancePresenter.swift */,
				5F9041772D3BBBEB0067E9F9 /* ViewController */,
				5F5495A92D3BD24B002D043C /* Views */,
			);
			path = Balance;
			sourceTree = "<group>";
		};
		5F6069692D3D42A100CDDC6E /* Mocks */ = {
			isa = PBXGroup;
			children = (
				5F6069702D3D432E00CDDC6E /* MockKeyValueStorage.swift */,
				5F60696E2D3D431C00CDDC6E /* MockRepeatableTimer.swift */,
				5F60696C2D3D42F100CDDC6E /* MockAnalyticsService.swift */,
				5F60696A2D3D42C100CDDC6E /* MockRequestExecutor.swift */,
			);
			path = Mocks;
			sourceTree = "<group>";
		};
		5F9041762D3BBBBB0067E9F9 /* App */ = {
			isa = PBXGroup;
			children = (
				1CA3B6552D22B0F500176711 /* AppDelegate.swift */,
				1CA3B6572D22B0F500176711 /* SceneDelegate.swift */,
				1CA3B6662D22B0F600176711 /* Info.plist */,
			);
			path = App;
			sourceTree = "<group>";
		};
		5F9041772D3BBBEB0067E9F9 /* ViewController */ = {
			isa = PBXGroup;
			children = (
				1CA3B6592D22B0F500176711 /* BalanceViewController.swift */,
				5F6069722D3D59E100CDDC6E /* BalanceViewController+Configuration.swift */,
				5F5495B32D3BF80E002D043C /* BalanceViewController+Protocols.swift */,
			);
			path = ViewController;
			sourceTree = "<group>";
		};
		5F9041782D3BBCE80067E9F9 /* Resources */ = {
			isa = PBXGroup;
			children = (
				1CA3B6612D22B0F600176711 /* Assets.xcassets */,
				1CA3B6632D22B0F600176711 /* LaunchScreen.storyboard */,
				5F5495AE2D3BD602002D043C /* Localizable.xcstrings */,
			);
			path = Resources;
			sourceTree = "<group>";
		};
		5F9041792D3BBE250067E9F9 /* Persistence */ = {
			isa = PBXGroup;
			children = (
				5F6C7C232D3D70F40063CAC8 /* CoreDataManager.swift */,
				5F6069542D3C5D2E00CDDC6E /* KeyValueStorage */,
				1CA3B65E2D22B0F500176711 /* Wallet.xcdatamodeld */,
			);
			path = Persistence;
			sourceTree = "<group>";
		};
		5F92B1BE2D3D9685000A811C /* AddTransaction */ = {
			isa = PBXGroup;
			children = (
				5F92B1C52D3D9869000A811C /* AddTransactionPresenter.swift */,
				5F92B1C12D3D97A9000A811C /* ViewController */,
			);
			path = AddTransaction;
			sourceTree = "<group>";
		};
		5F92B1C12D3D97A9000A811C /* ViewController */ = {
			isa = PBXGroup;
			children = (
				5F92B1BF2D3D9769000A811C /* AddTransactionViewController.swift */,
				5F92B1CD2D3DA2E3000A811C /* AddTransactionViewController+DataSource.swift */,
				5F92B1C32D3D97C8000A811C /* AddTransactionViewController+Protocols.swift */,
			);
			path = ViewController;
			sourceTree = "<group>";
		};
/* End PBXGroup section */

/* Begin PBXNativeTarget section */
		1CA3B6512D22B0F500176711 /* TransactionsTestTask */ = {
			isa = PBXNativeTarget;
			buildConfigurationList = 1CA3B67F2D22B0F600176711 /* Build configuration list for PBXNativeTarget "TransactionsTestTask" */;
			buildPhases = (
				1CA3B64E2D22B0F500176711 /* Sources */,
				1CA3B64F2D22B0F500176711 /* Frameworks */,
				1CA3B6502D22B0F500176711 /* Resources */,
			);
			buildRules = (
			);
			dependencies = (
			);
			name = TransactionsTestTask;
			productName = TransactionsTestTask;
			productReference = 1CA3B6522D22B0F500176711 /* TransactionsTestTask.app */;
			productType = "com.apple.product-type.application";
		};
		1CA3B66A2D22B0F600176711 /* TransactionsTestTaskTests */ = {
			isa = PBXNativeTarget;
			buildConfigurationList = 1CA3B6822D22B0F600176711 /* Build configuration list for PBXNativeTarget "TransactionsTestTaskTests" */;
			buildPhases = (
				1CA3B6672D22B0F600176711 /* Sources */,
				1CA3B6682D22B0F600176711 /* Frameworks */,
				1CA3B6692D22B0F600176711 /* Resources */,
			);
			buildRules = (
			);
			dependencies = (
				1CA3B66D2D22B0F600176711 /* PBXTargetDependency */,
			);
			name = TransactionsTestTaskTests;
			productName = TransactionsTestTaskTests;
			productReference = 1CA3B66B2D22B0F600176711 /* TransactionsTestTaskTests.xctest */;
			productType = "com.apple.product-type.bundle.unit-test";
		};
/* End PBXNativeTarget section */

/* Begin PBXProject section */
		1CA3B64A2D22B0F500176711 /* Project object */ = {
			isa = PBXProject;
			attributes = {
				BuildIndependentTargetsInParallel = 1;
				LastSwiftUpdateCheck = 1540;
				LastUpgradeCheck = 1620;
				TargetAttributes = {
					1CA3B6512D22B0F500176711 = {
						CreatedOnToolsVersion = 15.4;
					};
					1CA3B66A2D22B0F600176711 = {
						CreatedOnToolsVersion = 15.4;
						TestTargetID = 1CA3B6512D22B0F500176711;
					};
				};
			};
			buildConfigurationList = 1CA3B64D2D22B0F500176711 /* Build configuration list for PBXProject "TransactionsTestTask" */;
			compatibilityVersion = "Xcode 14.0";
			developmentRegion = en;
			hasScannedForEncodings = 0;
			knownRegions = (
				en,
				Base,
				uk,
			);
			mainGroup = 1CA3B6492D22B0F500176711;
			productRefGroup = 1CA3B6532D22B0F500176711 /* Products */;
			projectDirPath = "";
			projectRoot = "";
			targets = (
				1CA3B6512D22B0F500176711 /* TransactionsTestTask */,
				1CA3B66A2D22B0F600176711 /* TransactionsTestTaskTests */,
			);
		};
/* End PBXProject section */

/* Begin PBXResourcesBuildPhase section */
		1CA3B6502D22B0F500176711 /* Resources */ = {
			isa = PBXResourcesBuildPhase;
			buildActionMask = 2147483647;
			files = (
				1CA3B6622D22B0F600176711 /* Assets.xcassets in Resources */,
				1CA3B6652D22B0F600176711 /* Base in Resources */,
				5F5495AF2D3BD602002D043C /* Localizable.xcstrings in Resources */,
			);
			runOnlyForDeploymentPostprocessing = 0;
		};
		1CA3B6692D22B0F600176711 /* Resources */ = {
			isa = PBXResourcesBuildPhase;
			buildActionMask = 2147483647;
			files = (
			);
			runOnlyForDeploymentPostprocessing = 0;
		};
/* End PBXResourcesBuildPhase section */

/* Begin PBXSourcesBuildPhase section */
		1CA3B64E2D22B0F500176711 /* Sources */ = {
			isa = PBXSourcesBuildPhase;
			buildActionMask = 2147483647;
			files = (
				5F6069602D3D2ACA00CDDC6E /* Rate.swift in Sources */,
				0D1540612D22EF5D00D6D63F /* AnalyticsEvent.swift in Sources */,
				5F9041732D3AFC830067E9F9 /* AnalyticsFilters.swift in Sources */,
				5F6069642D3D39D700CDDC6E /* BalancePresenter.swift in Sources */,
				5F60695E2D3D276900CDDC6E /* RepeatableTimer.swift in Sources */,
				5F92B1CE2D3DA2E3000A811C /* AddTransactionViewController+DataSource.swift in Sources */,
				5F92B1C42D3D97C8000A811C /* AddTransactionViewController+Protocols.swift in Sources */,
				5F6069662D3D39EE00CDDC6E /* BalanceInteractor.swift in Sources */,
				5F6C7C242D3D70F40063CAC8 /* CoreDataManager.swift in Sources */,
				5F92B1C62D3D9871000A811C /* AddTransactionPresenter.swift in Sources */,
				5F5495B62D3BF8C9002D043C /* AppCoordinator+Navigation.swift in Sources */,
				5F60695C2D3D048F00CDDC6E /* BitcoinPriceResponse.swift in Sources */,
				5F92B1CA2D3D9B59000A811C /* AddTransactionResult.swift in Sources */,
				5F5495AB2D3BD2F0002D043C /* BalanceView.swift in Sources */,
				5F5495A82D3BC722002D043C /* AppCoordinator.swift in Sources */,
				5F6069562D3C5D4300CDDC6E /* KeyValueStorage.swift in Sources */,
				0DF1D1452D22DD06001626E7 /* BitcoinRateService.swift in Sources */,
				5F6069752D3D64EE00CDDC6E /* BalanceService.swift in Sources */,
				0DF1D1472D22DD4A001626E7 /* AnalyticsService.swift in Sources */,
				5F6C7C222D3D6CC70063CAC8 /* Transaction.swift in Sources */,
				5F6069582D3CFE9E00CDDC6E /* RequestExecutor.swift in Sources */,
				5F92B1C02D3D9773000A811C /* AddTransactionViewController.swift in Sources */,
				1CA3B65A2D22B0F500176711 /* BalanceViewController.swift in Sources */,
				1CA3B6562D22B0F500176711 /* AppDelegate.swift in Sources */,
				1CA3B6582D22B0F500176711 /* SceneDelegate.swift in Sources */,
				1CA3B6602D22B0F500176711 /* Wallet.xcdatamodeld in Sources */,
				5F5495B42D3BF81C002D043C /* BalanceViewController+Protocols.swift in Sources */,
				5F6069732D3D59EF00CDDC6E /* BalanceViewController+Configuration.swift in Sources */,
				0DF1D1402D22DC51001626E7 /* ServicesAssembler.swift in Sources */,
			);
			runOnlyForDeploymentPostprocessing = 0;
		};
		1CA3B6672D22B0F600176711 /* Sources */ = {
			isa = PBXSourcesBuildPhase;
			buildActionMask = 2147483647;
			files = (
				5F60696D2D3D42F100CDDC6E /* MockAnalyticsService.swift in Sources */,
				5F6069712D3D432E00CDDC6E /* MockKeyValueStorage.swift in Sources */,
				5F6069682D3D401900CDDC6E /* MobileBitcoinRateServiceTests.swift in Sources */,
				5F9041752D3AFCD80067E9F9 /* AnalyticsServiceTests.swift in Sources */,
				5F60696F2D3D431C00CDDC6E /* MockRepeatableTimer.swift in Sources */,
				5F60696B2D3D42CA00CDDC6E /* MockRequestExecutor.swift in Sources */,
			);
			runOnlyForDeploymentPostprocessing = 0;
		};
/* End PBXSourcesBuildPhase section */

/* Begin PBXTargetDependency section */
		1CA3B66D2D22B0F600176711 /* PBXTargetDependency */ = {
			isa = PBXTargetDependency;
			target = 1CA3B6512D22B0F500176711 /* TransactionsTestTask */;
			targetProxy = 1CA3B66C2D22B0F600176711 /* PBXContainerItemProxy */;
		};
/* End PBXTargetDependency section */

/* Begin PBXVariantGroup section */
		1CA3B6632D22B0F600176711 /* LaunchScreen.storyboard */ = {
			isa = PBXVariantGroup;
			children = (
				1CA3B6642D22B0F600176711 /* Base */,
			);
			name = LaunchScreen.storyboard;
			sourceTree = "<group>";
		};
/* End PBXVariantGroup section */

/* Begin XCBuildConfiguration section */
		1CA3B67D2D22B0F600176711 /* Debug */ = {
			isa = XCBuildConfiguration;
			buildSettings = {
				ALWAYS_SEARCH_USER_PATHS = NO;
				ASSETCATALOG_COMPILER_GENERATE_SWIFT_ASSET_SYMBOL_EXTENSIONS = YES;
				CLANG_ANALYZER_LOCALIZABILITY_NONLOCALIZED = YES;
				CLANG_ANALYZER_NONNULL = YES;
				CLANG_ANALYZER_NUMBER_OBJECT_CONVERSION = YES_AGGRESSIVE;
				CLANG_CXX_LANGUAGE_STANDARD = "gnu++20";
				CLANG_ENABLE_MODULES = YES;
				CLANG_ENABLE_OBJC_ARC = YES;
				CLANG_ENABLE_OBJC_WEAK = YES;
				CLANG_WARN_BLOCK_CAPTURE_AUTORELEASING = YES;
				CLANG_WARN_BOOL_CONVERSION = YES;
				CLANG_WARN_COMMA = YES;
				CLANG_WARN_CONSTANT_CONVERSION = YES;
				CLANG_WARN_DEPRECATED_OBJC_IMPLEMENTATIONS = YES;
				CLANG_WARN_DIRECT_OBJC_ISA_USAGE = YES_ERROR;
				CLANG_WARN_DOCUMENTATION_COMMENTS = YES;
				CLANG_WARN_EMPTY_BODY = YES;
				CLANG_WARN_ENUM_CONVERSION = YES;
				CLANG_WARN_INFINITE_RECURSION = YES;
				CLANG_WARN_INT_CONVERSION = YES;
				CLANG_WARN_NON_LITERAL_NULL_CONVERSION = YES;
				CLANG_WARN_OBJC_IMPLICIT_RETAIN_SELF = YES;
				CLANG_WARN_OBJC_LITERAL_CONVERSION = YES;
				CLANG_WARN_OBJC_ROOT_CLASS = YES_ERROR;
				CLANG_WARN_QUOTED_INCLUDE_IN_FRAMEWORK_HEADER = YES;
				CLANG_WARN_RANGE_LOOP_ANALYSIS = YES;
				CLANG_WARN_STRICT_PROTOTYPES = YES;
				CLANG_WARN_SUSPICIOUS_MOVE = YES;
				CLANG_WARN_UNGUARDED_AVAILABILITY = YES_AGGRESSIVE;
				CLANG_WARN_UNREACHABLE_CODE = YES;
				CLANG_WARN__DUPLICATE_METHOD_MATCH = YES;
				COPY_PHASE_STRIP = NO;
				DEBUG_INFORMATION_FORMAT = dwarf;
				ENABLE_STRICT_OBJC_MSGSEND = YES;
				ENABLE_TESTABILITY = YES;
				ENABLE_USER_SCRIPT_SANDBOXING = YES;
				GCC_C_LANGUAGE_STANDARD = gnu17;
				GCC_DYNAMIC_NO_PIC = NO;
				GCC_NO_COMMON_BLOCKS = YES;
				GCC_OPTIMIZATION_LEVEL = 0;
				GCC_PREPROCESSOR_DEFINITIONS = (
					"DEBUG=1",
					"$(inherited)",
				);
				GCC_WARN_64_TO_32_BIT_CONVERSION = YES;
				GCC_WARN_ABOUT_RETURN_TYPE = YES_ERROR;
				GCC_WARN_UNDECLARED_SELECTOR = YES;
				GCC_WARN_UNINITIALIZED_AUTOS = YES_AGGRESSIVE;
				GCC_WARN_UNUSED_FUNCTION = YES;
				GCC_WARN_UNUSED_VARIABLE = YES;
				INFOPLIST_FILE = TransactionsTestTask/App/Info.plist;
				INFOPLIST_KEY_CFBundleDisplayName = "Balance Tracker";
				INFOPLIST_KEY_LSApplicationCategoryType = "public.app-category.finance";
				IPHONEOS_DEPLOYMENT_TARGET = 17.5;
				LOCALIZATION_PREFERS_STRING_CATALOGS = YES;
				MTL_ENABLE_DEBUG_INFO = INCLUDE_SOURCE;
				MTL_FAST_MATH = YES;
				ONLY_ACTIVE_ARCH = YES;
				SDKROOT = iphoneos;
				SWIFT_ACTIVE_COMPILATION_CONDITIONS = "DEBUG $(inherited)";
				SWIFT_EMIT_LOC_STRINGS = YES;
				SWIFT_OPTIMIZATION_LEVEL = "-Onone";
			};
			name = Debug;
		};
		1CA3B67E2D22B0F600176711 /* Release */ = {
			isa = XCBuildConfiguration;
			buildSettings = {
				ALWAYS_SEARCH_USER_PATHS = NO;
				ASSETCATALOG_COMPILER_GENERATE_SWIFT_ASSET_SYMBOL_EXTENSIONS = YES;
				CLANG_ANALYZER_LOCALIZABILITY_NONLOCALIZED = YES;
				CLANG_ANALYZER_NONNULL = YES;
				CLANG_ANALYZER_NUMBER_OBJECT_CONVERSION = YES_AGGRESSIVE;
				CLANG_CXX_LANGUAGE_STANDARD = "gnu++20";
				CLANG_ENABLE_MODULES = YES;
				CLANG_ENABLE_OBJC_ARC = YES;
				CLANG_ENABLE_OBJC_WEAK = YES;
				CLANG_WARN_BLOCK_CAPTURE_AUTORELEASING = YES;
				CLANG_WARN_BOOL_CONVERSION = YES;
				CLANG_WARN_COMMA = YES;
				CLANG_WARN_CONSTANT_CONVERSION = YES;
				CLANG_WARN_DEPRECATED_OBJC_IMPLEMENTATIONS = YES;
				CLANG_WARN_DIRECT_OBJC_ISA_USAGE = YES_ERROR;
				CLANG_WARN_DOCUMENTATION_COMMENTS = YES;
				CLANG_WARN_EMPTY_BODY = YES;
				CLANG_WARN_ENUM_CONVERSION = YES;
				CLANG_WARN_INFINITE_RECURSION = YES;
				CLANG_WARN_INT_CONVERSION = YES;
				CLANG_WARN_NON_LITERAL_NULL_CONVERSION = YES;
				CLANG_WARN_OBJC_IMPLICIT_RETAIN_SELF = YES;
				CLANG_WARN_OBJC_LITERAL_CONVERSION = YES;
				CLANG_WARN_OBJC_ROOT_CLASS = YES_ERROR;
				CLANG_WARN_QUOTED_INCLUDE_IN_FRAMEWORK_HEADER = YES;
				CLANG_WARN_RANGE_LOOP_ANALYSIS = YES;
				CLANG_WARN_STRICT_PROTOTYPES = YES;
				CLANG_WARN_SUSPICIOUS_MOVE = YES;
				CLANG_WARN_UNGUARDED_AVAILABILITY = YES_AGGRESSIVE;
				CLANG_WARN_UNREACHABLE_CODE = YES;
				CLANG_WARN__DUPLICATE_METHOD_MATCH = YES;
				COPY_PHASE_STRIP = NO;
				DEBUG_INFORMATION_FORMAT = "dwarf-with-dsym";
				ENABLE_NS_ASSERTIONS = NO;
				ENABLE_STRICT_OBJC_MSGSEND = YES;
				ENABLE_USER_SCRIPT_SANDBOXING = YES;
				GCC_C_LANGUAGE_STANDARD = gnu17;
				GCC_NO_COMMON_BLOCKS = YES;
				GCC_WARN_64_TO_32_BIT_CONVERSION = YES;
				GCC_WARN_ABOUT_RETURN_TYPE = YES_ERROR;
				GCC_WARN_UNDECLARED_SELECTOR = YES;
				GCC_WARN_UNINITIALIZED_AUTOS = YES_AGGRESSIVE;
				GCC_WARN_UNUSED_FUNCTION = YES;
				GCC_WARN_UNUSED_VARIABLE = YES;
				INFOPLIST_FILE = TransactionsTestTask/App/Info.plist;
				INFOPLIST_KEY_CFBundleDisplayName = "Balance Tracker";
				INFOPLIST_KEY_LSApplicationCategoryType = "public.app-category.finance";
				IPHONEOS_DEPLOYMENT_TARGET = 17.5;
				LOCALIZATION_PREFERS_STRING_CATALOGS = YES;
				MTL_ENABLE_DEBUG_INFO = NO;
				MTL_FAST_MATH = YES;
				SDKROOT = iphoneos;
				SWIFT_COMPILATION_MODE = wholemodule;
				SWIFT_EMIT_LOC_STRINGS = YES;
				VALIDATE_PRODUCT = YES;
			};
			name = Release;
		};
		1CA3B6802D22B0F600176711 /* Debug */ = {
			isa = XCBuildConfiguration;
			buildSettings = {
				ASSETCATALOG_COMPILER_APPICON_NAME = AppIcon;
				ASSETCATALOG_COMPILER_GLOBAL_ACCENT_COLOR_NAME = AccentColor;
				ASSETCATALOG_COMPILER_INCLUDE_ALL_APPICON_ASSETS = NO;
				CODE_SIGN_STYLE = Automatic;
				CURRENT_PROJECT_VERSION = 1;
				GENERATE_INFOPLIST_FILE = YES;
				INFOPLIST_FILE = TransactionsTestTask/App/Info.plist;
				INFOPLIST_KEY_CFBundleDisplayName = "Balance Tracker";
				INFOPLIST_KEY_LSApplicationCategoryType = "public.app-category.finance";
				INFOPLIST_KEY_UIApplicationSupportsIndirectInputEvents = YES;
				INFOPLIST_KEY_UILaunchStoryboardName = LaunchScreen;
				INFOPLIST_KEY_UISupportedInterfaceOrientations_iPad = "UIInterfaceOrientationPortrait UIInterfaceOrientationPortraitUpsideDown UIInterfaceOrientationLandscapeLeft UIInterfaceOrientationLandscapeRight";
				INFOPLIST_KEY_UISupportedInterfaceOrientations_iPhone = "UIInterfaceOrientationPortrait UIInterfaceOrientationLandscapeLeft UIInterfaceOrientationLandscapeRight";
				LD_RUNPATH_SEARCH_PATHS = (
					"$(inherited)",
					"@executable_path/Frameworks",
				);
				MARKETING_VERSION = 1.0;
				PRODUCT_BUNDLE_IDENTIFIER = com.obrio.TransactionsTestTask;
				PRODUCT_NAME = "$(TARGET_NAME)";
				SWIFT_EMIT_LOC_STRINGS = YES;
				SWIFT_VERSION = 5.0;
				TARGETED_DEVICE_FAMILY = "1,2";
			};
			name = Debug;
		};
		1CA3B6812D22B0F600176711 /* Release */ = {
			isa = XCBuildConfiguration;
			buildSettings = {
				ASSETCATALOG_COMPILER_APPICON_NAME = AppIcon;
				ASSETCATALOG_COMPILER_GLOBAL_ACCENT_COLOR_NAME = AccentColor;
				ASSETCATALOG_COMPILER_INCLUDE_ALL_APPICON_ASSETS = NO;
				CODE_SIGN_STYLE = Automatic;
				CURRENT_PROJECT_VERSION = 1;
				GENERATE_INFOPLIST_FILE = YES;
				INFOPLIST_FILE = TransactionsTestTask/App/Info.plist;
				INFOPLIST_KEY_CFBundleDisplayName = "Balance Tracker";
				INFOPLIST_KEY_LSApplicationCategoryType = "public.app-category.finance";
				INFOPLIST_KEY_UIApplicationSupportsIndirectInputEvents = YES;
				INFOPLIST_KEY_UILaunchStoryboardName = LaunchScreen;
				INFOPLIST_KEY_UISupportedInterfaceOrientations_iPad = "UIInterfaceOrientationPortrait UIInterfaceOrientationPortraitUpsideDown UIInterfaceOrientationLandscapeLeft UIInterfaceOrientationLandscapeRight";
				INFOPLIST_KEY_UISupportedInterfaceOrientations_iPhone = "UIInterfaceOrientationPortrait UIInterfaceOrientationLandscapeLeft UIInterfaceOrientationLandscapeRight";
				LD_RUNPATH_SEARCH_PATHS = (
					"$(inherited)",
					"@executable_path/Frameworks",
				);
				MARKETING_VERSION = 1.0;
				PRODUCT_BUNDLE_IDENTIFIER = com.obrio.TransactionsTestTask;
				PRODUCT_NAME = "$(TARGET_NAME)";
				SWIFT_EMIT_LOC_STRINGS = YES;
				SWIFT_VERSION = 5.0;
				TARGETED_DEVICE_FAMILY = "1,2";
			};
			name = Release;
		};
		1CA3B6832D22B0F600176711 /* Debug */ = {
			isa = XCBuildConfiguration;
			buildSettings = {
				BUNDLE_LOADER = "$(TEST_HOST)";
				CODE_SIGN_STYLE = Automatic;
				CURRENT_PROJECT_VERSION = 1;
				GENERATE_INFOPLIST_FILE = YES;
				IPHONEOS_DEPLOYMENT_TARGET = 17.5;
				MARKETING_VERSION = 1.0;
				PRODUCT_BUNDLE_IDENTIFIER = com.obrio.TransactionsTestTaskTests;
				PRODUCT_NAME = "$(TARGET_NAME)";
				SWIFT_EMIT_LOC_STRINGS = NO;
				SWIFT_VERSION = 5.0;
				TARGETED_DEVICE_FAMILY = "1,2";
				TEST_HOST = "$(BUILT_PRODUCTS_DIR)/TransactionsTestTask.app/$(BUNDLE_EXECUTABLE_FOLDER_PATH)/TransactionsTestTask";
			};
			name = Debug;
		};
		1CA3B6842D22B0F600176711 /* Release */ = {
			isa = XCBuildConfiguration;
			buildSettings = {
				BUNDLE_LOADER = "$(TEST_HOST)";
				CODE_SIGN_STYLE = Automatic;
				CURRENT_PROJECT_VERSION = 1;
				GENERATE_INFOPLIST_FILE = YES;
				IPHONEOS_DEPLOYMENT_TARGET = 17.5;
				MARKETING_VERSION = 1.0;
				PRODUCT_BUNDLE_IDENTIFIER = com.obrio.TransactionsTestTaskTests;
				PRODUCT_NAME = "$(TARGET_NAME)";
				SWIFT_EMIT_LOC_STRINGS = NO;
				SWIFT_VERSION = 5.0;
				TARGETED_DEVICE_FAMILY = "1,2";
				TEST_HOST = "$(BUILT_PRODUCTS_DIR)/TransactionsTestTask.app/$(BUNDLE_EXECUTABLE_FOLDER_PATH)/TransactionsTestTask";
			};
			name = Release;
		};
/* End XCBuildConfiguration section */

/* Begin XCConfigurationList section */
		1CA3B64D2D22B0F500176711 /* Build configuration list for PBXProject "TransactionsTestTask" */ = {
			isa = XCConfigurationList;
			buildConfigurations = (
				1CA3B67D2D22B0F600176711 /* Debug */,
				1CA3B67E2D22B0F600176711 /* Release */,
			);
			defaultConfigurationIsVisible = 0;
			defaultConfigurationName = Release;
		};
		1CA3B67F2D22B0F600176711 /* Build configuration list for PBXNativeTarget "TransactionsTestTask" */ = {
			isa = XCConfigurationList;
			buildConfigurations = (
				1CA3B6802D22B0F600176711 /* Debug */,
				1CA3B6812D22B0F600176711 /* Release */,
			);
			defaultConfigurationIsVisible = 0;
			defaultConfigurationName = Release;
		};
		1CA3B6822D22B0F600176711 /* Build configuration list for PBXNativeTarget "TransactionsTestTaskTests" */ = {
			isa = XCConfigurationList;
			buildConfigurations = (
				1CA3B6832D22B0F600176711 /* Debug */,
				1CA3B6842D22B0F600176711 /* Release */,
			);
			defaultConfigurationIsVisible = 0;
			defaultConfigurationName = Release;
		};
/* End XCConfigurationList section */

/* Begin XCVersionGroup section */
		1CA3B65E2D22B0F500176711 /* Wallet.xcdatamodeld */ = {
			isa = XCVersionGroup;
			children = (
				1CA3B65F2D22B0F500176711 /* Wallet.xcdatamodel */,
			);
			currentVersion = 1CA3B65F2D22B0F500176711 /* Wallet.xcdatamodel */;
			path = Wallet.xcdatamodeld;
			sourceTree = "<group>";
			versionGroupType = wrapper.xcdatamodel;
		};
/* End XCVersionGroup section */
	};
	rootObject = 1CA3B64A2D22B0F500176711 /* Project object */;
}
